
Microsoft Visual Studio Solution File, Format Version 12.00
# Visual Studio Version 17
VisualStudioVersion = 17.7.34202.233
MinimumVisualStudioVersion = 10.0.40219.1
Project("{FAE04EC0-301F-11D3-BF4B-00C04F79EFBC}") = "CameliaRasiga_ProiectMedii", "CameliaRasiga_ProiectMedii.csproj", "{0AE6F441-0BCC-4F80-9E01-776F83CEBDA0}"
EndProject
Global
	GlobalSection(SolutionConfigurationPlatforms) = preSolution
		Debug|Any CPU = Debug|Any CPU
		Release|Any CPU = Release|Any CPU
	EndGlobalSection
	GlobalSection(ProjectConfigurationPlatforms) = postSolution
		{0AE6F441-0BCC-4F80-9E01-776F83CEBDA0}.Debug|Any CPU.ActiveCfg = Debug|Any CPU
		{0AE6F441-0BCC-4F80-9E01-776F83CEBDA0}.Debug|Any CPU.Build.0 = Debug|Any CPU
		{0AE6F441-0BCC-4F80-9E01-776F83CEBDA0}.Release|Any CPU.ActiveCfg = Release|Any CPU
		{0AE6F441-0BCC-4F80-9E01-776F83CEBDA0}.Release|Any CPU.Build.0 = Release|Any CPU
	EndGlobalSection
	GlobalSection(SolutionProperties) = preSolution
		HideSolutionNode = FALSE
	EndGlobalSection
	GlobalSection(ExtensibilityGlobals) = postSolution
		SolutionGuid = {A1FC8BD5-13BE-43C8-8A06-9947462E63B1}
	EndGlobalSection
EndGlobal
